
Microsoft Visual Studio Solution File, Format Version 12.00
# Visual Studio Version 16
VisualStudioVersion = 16.0.31829.152
MinimumVisualStudioVersion = 10.0.40219.1
Project("{FAE04EC0-301F-11D3-BF4B-00C04F79EFBC}") = "CSCN72030F21-AP-Classes", "CSCN72030F21-AP-Classes\CSCN72030F21-AP-Classes.csproj", "{975AFA31-4FEC-4B27-93C7-2B6AD3958557}"
EndProject
Global
	GlobalSection(SolutionConfigurationPlatforms) = preSolution
		Debug|Any CPU = Debug|Any CPU
		Release|Any CPU = Release|Any CPU
	EndGlobalSection
	GlobalSection(ProjectConfigurationPlatforms) = postSolution
		{975AFA31-4FEC-4B27-93C7-2B6AD3958557}.Debug|Any CPU.ActiveCfg = Debug|Any CPU
		{975AFA31-4FEC-4B27-93C7-2B6AD3958557}.Debug|Any CPU.Build.0 = Debug|Any CPU
		{975AFA31-4FEC-4B27-93C7-2B6AD3958557}.Release|Any CPU.ActiveCfg = Release|Any CPU
		{975AFA31-4FEC-4B27-93C7-2B6AD3958557}.Release|Any CPU.Build.0 = Release|Any CPU
	EndGlobalSection
	GlobalSection(SolutionProperties) = preSolution
		HideSolutionNode = FALSE
	EndGlobalSection
	GlobalSection(ExtensibilityGlobals) = postSolution
		SolutionGuid = {BA8B6907-69D3-4A8B-82AC-38F0DA20C4B6}
	EndGlobalSection
EndGlobal
