
Microsoft Visual Studio Solution File, Format Version 12.00
# Visual Studio Version 16
VisualStudioVersion = 16.0.31829.152
MinimumVisualStudioVersion = 10.0.40219.1
Project("{9A19103F-16F7-4668-BE54-9A1E7A4F7556}") = "CSCN72030F21-AP-Classes", "CSCN72030F21-AP-Classes\CSCN72030F21-AP-Classes.csproj", "{975AFA31-4FEC-4B27-93C7-2B6AD3958557}"
EndProject
Project("{9A19103F-16F7-4668-BE54-9A1E7A4F7556}") = "CSCN72030F21-AP-Program", "CSCN72030F21-AP-Program\CSCN72030F21-AP-Program.csproj", "{B1133253-BC0C-4511-81BE-59DC00B78D9D}"
EndProject
Project("{9A19103F-16F7-4668-BE54-9A1E7A4F7556}") = "CSCN72030F21-AP-Tests", "CSCN72030F21-AP-Tests\CSCN72030F21-AP-Tests.csproj", "{DDE17BB7-6170-480F-8F96-7E4D67B16C73}"
EndProject
Project("{FAE04EC0-301F-11D3-BF4B-00C04F79EFBC}") = "AnthonyTests", "AnthonyTests\AnthonyTests.csproj", "{AD71FFA2-D9B1-49DA-BE56-B9B8677503DA}"
EndProject
Global
	GlobalSection(SolutionConfigurationPlatforms) = preSolution
		Debug|Any CPU = Debug|Any CPU
		Release|Any CPU = Release|Any CPU
	EndGlobalSection
	GlobalSection(ProjectConfigurationPlatforms) = postSolution
		{975AFA31-4FEC-4B27-93C7-2B6AD3958557}.Debug|Any CPU.ActiveCfg = Debug|Any CPU
		{975AFA31-4FEC-4B27-93C7-2B6AD3958557}.Debug|Any CPU.Build.0 = Debug|Any CPU
		{975AFA31-4FEC-4B27-93C7-2B6AD3958557}.Release|Any CPU.ActiveCfg = Release|Any CPU
		{975AFA31-4FEC-4B27-93C7-2B6AD3958557}.Release|Any CPU.Build.0 = Release|Any CPU
		{B1133253-BC0C-4511-81BE-59DC00B78D9D}.Debug|Any CPU.ActiveCfg = Debug|Any CPU
		{B1133253-BC0C-4511-81BE-59DC00B78D9D}.Debug|Any CPU.Build.0 = Debug|Any CPU
		{B1133253-BC0C-4511-81BE-59DC00B78D9D}.Release|Any CPU.ActiveCfg = Release|Any CPU
		{B1133253-BC0C-4511-81BE-59DC00B78D9D}.Release|Any CPU.Build.0 = Release|Any CPU
		{DDE17BB7-6170-480F-8F96-7E4D67B16C73}.Debug|Any CPU.ActiveCfg = Debug|Any CPU
		{DDE17BB7-6170-480F-8F96-7E4D67B16C73}.Debug|Any CPU.Build.0 = Debug|Any CPU
		{DDE17BB7-6170-480F-8F96-7E4D67B16C73}.Release|Any CPU.ActiveCfg = Release|Any CPU
		{DDE17BB7-6170-480F-8F96-7E4D67B16C73}.Release|Any CPU.Build.0 = Release|Any CPU
		{AD71FFA2-D9B1-49DA-BE56-B9B8677503DA}.Debug|Any CPU.ActiveCfg = Debug|Any CPU
		{AD71FFA2-D9B1-49DA-BE56-B9B8677503DA}.Debug|Any CPU.Build.0 = Debug|Any CPU
		{AD71FFA2-D9B1-49DA-BE56-B9B8677503DA}.Release|Any CPU.ActiveCfg = Release|Any CPU
		{AD71FFA2-D9B1-49DA-BE56-B9B8677503DA}.Release|Any CPU.Build.0 = Release|Any CPU
	EndGlobalSection
	GlobalSection(SolutionProperties) = preSolution
		HideSolutionNode = FALSE
	EndGlobalSection
	GlobalSection(ExtensibilityGlobals) = postSolution
		SolutionGuid = {BA8B6907-69D3-4A8B-82AC-38F0DA20C4B6}
	EndGlobalSection
EndGlobal
